// !$*UTF8*$!
{
	archiveVersion = 1;
	classes = {
	};
	objectVersion = 50;
	objects = {

/* Begin PBXBuildFile section */
		840D530725372FE4008FBD53 /* ShipsCollectionViewController.swift in Sources */ = {isa = PBXBuildFile; fileRef = 840D530625372FE4008FBD53 /* ShipsCollectionViewController.swift */; };
		840D530925373023008FBD53 /* ShipsStoryboard.storyboard in Resources */ = {isa = PBXBuildFile; fileRef = 840D530825373023008FBD53 /* ShipsStoryboard.storyboard */; };
		84189A77253997D000211A2F /* CollectionViewCell.swift in Sources */ = {isa = PBXBuildFile; fileRef = 84189A76253997D000211A2F /* CollectionViewCell.swift */; };
		84189A792539AEB800211A2F /* Classes.swift in Sources */ = {isa = PBXBuildFile; fileRef = 84189A782539AEB800211A2F /* Classes.swift */; };
		84189A7B2539AECA00211A2F /* Battles.swift in Sources */ = {isa = PBXBuildFile; fileRef = 84189A7A2539AECA00211A2F /* Battles.swift */; };
		8430825525406ABD00220152 /* BattleContainer.xib in Resources */ = {isa = PBXBuildFile; fileRef = 8430825425406ABD00220152 /* BattleContainer.xib */; };
		8430825725406F4500220152 /* BattleView.swift in Sources */ = {isa = PBXBuildFile; fileRef = 8430825625406F4500220152 /* BattleView.swift */; };
		844D99E92542D8CF00F28A39 /* OutcomesStoryboard.storyboard in Resources */ = {isa = PBXBuildFile; fileRef = 844D99E82542D8CF00F28A39 /* OutcomesStoryboard.storyboard */; };
		844D99F12542D9A000F28A39 /* Outcomes.swift in Sources */ = {isa = PBXBuildFile; fileRef = 844D99F02542D9A000F28A39 /* Outcomes.swift */; };
		844D99F52542DC3700F28A39 /* OutcomesCollectionViewController.swift in Sources */ = {isa = PBXBuildFile; fileRef = 844D99F42542DC3700F28A39 /* OutcomesCollectionViewController.swift */; };
		844D99F92542DC6B00F28A39 /* OutcomeContainer.xib in Resources */ = {isa = PBXBuildFile; fileRef = 844D99F82542DC6B00F28A39 /* OutcomeContainer.xib */; };
		844D99FD2542DC7D00F28A39 /* OutcomeView.swift in Sources */ = {isa = PBXBuildFile; fileRef = 844D99FC2542DC7D00F28A39 /* OutcomeView.swift */; };
		844D9A012542E53600F28A39 /* OutcomeCollectionViewCell.swift in Sources */ = {isa = PBXBuildFile; fileRef = 844D9A002542E53600F28A39 /* OutcomeCollectionViewCell.swift */; };
		8455AB452547419B00499D82 /* ShipContainer.xib in Resources */ = {isa = PBXBuildFile; fileRef = 8455AB442547419B00499D82 /* ShipContainer.xib */; };
		845F471F2548A720009D636A /* Ships.db in Resources */ = {isa = PBXBuildFile; fileRef = 845F471E2548A720009D636A /* Ships.db */; };
		846724022537129D00295A20 /* Ship.swift in Sources */ = {isa = PBXBuildFile; fileRef = 846724012537129D00295A20 /* Ship.swift */; };
		84B96A27252DFA8A0013A924 /* AppDelegate.swift in Sources */ = {isa = PBXBuildFile; fileRef = 84B96A26252DFA8A0013A924 /* AppDelegate.swift */; };
		84B96A29252DFA8A0013A924 /* SceneDelegate.swift in Sources */ = {isa = PBXBuildFile; fileRef = 84B96A28252DFA8A0013A924 /* SceneDelegate.swift */; };
		84B96A2B252DFA8A0013A924 /* ViewController.swift in Sources */ = {isa = PBXBuildFile; fileRef = 84B96A2A252DFA8A0013A924 /* ViewController.swift */; };
		84B96A2E252DFA8A0013A924 /* Main.storyboard in Resources */ = {isa = PBXBuildFile; fileRef = 84B96A2C252DFA8A0013A924 /* Main.storyboard */; };
		84B96A30252DFA8E0013A924 /* Assets.xcassets in Resources */ = {isa = PBXBuildFile; fileRef = 84B96A2F252DFA8E0013A924 /* Assets.xcassets */; };
		84B96A33252DFA8E0013A924 /* LaunchScreen.storyboard in Resources */ = {isa = PBXBuildFile; fileRef = 84B96A31252DFA8E0013A924 /* LaunchScreen.storyboard */; };
		84B96A4F252DFC2F0013A924 /* DB.swift in Sources */ = {isa = PBXBuildFile; fileRef = 84B96A4E252DFC2F0013A924 /* DB.swift */; };
		84E1D3E12548990B00FF9AE4 /* OutcomeMusicViewController.swift in Sources */ = {isa = PBXBuildFile; fileRef = 847456922545FC6300A97C04 /* OutcomeMusicViewController.swift */; };
		84FF08272537358E0025C473 /* ShipView.swift in Sources */ = {isa = PBXBuildFile; fileRef = 84FF08262537358E0025C473 /* ShipView.swift */; };
		84FF7E0B254194DA0007DEE0 /* BattleCollectionViewCell.swift in Sources */ = {isa = PBXBuildFile; fileRef = 84FF7E0A254194DA0007DEE0 /* BattleCollectionViewCell.swift */; };
		84FF7E0F254194F20007DEE0 /* BattleCollectionViewController.swift in Sources */ = {isa = PBXBuildFile; fileRef = 84FF7E0E254194F20007DEE0 /* BattleCollectionViewController.swift */; };
		84FF7E1B2541BC8E0007DEE0 /* BattleStoryboard.storyboard in Resources */ = {isa = PBXBuildFile; fileRef = 84FF7E1A2541BC8E0007DEE0 /* BattleStoryboard.storyboard */; };
		84FF7E242541D2A10007DEE0 /* BattleVideoViewController.swift in Sources */ = {isa = PBXBuildFile; fileRef = 84FF7E232541D2A10007DEE0 /* BattleVideoViewController.swift */; };
/* End PBXBuildFile section */

/* Begin PBXContainerItemProxy section */
		84B96A3A252DFA8F0013A924 /* PBXContainerItemProxy */ = {
			isa = PBXContainerItemProxy;
			containerPortal = 84B96A1B252DFA890013A924 /* Project object */;
			proxyType = 1;
			remoteGlobalIDString = 84B96A22252DFA890013A924;
			remoteInfo = Ships;
		};
/* End PBXContainerItemProxy section */

/* Begin PBXFileReference section */
		840D530625372FE4008FBD53 /* ShipsCollectionViewController.swift */ = {isa = PBXFileReference; lastKnownFileType = sourcecode.swift; path = ShipsCollectionViewController.swift; sourceTree = "<group>"; };
		840D530825373023008FBD53 /* ShipsStoryboard.storyboard */ = {isa = PBXFileReference; lastKnownFileType = file.storyboard; path = ShipsStoryboard.storyboard; sourceTree = "<group>"; };
		84189A76253997D000211A2F /* CollectionViewCell.swift */ = {isa = PBXFileReference; lastKnownFileType = sourcecode.swift; path = CollectionViewCell.swift; sourceTree = "<group>"; };
		84189A782539AEB800211A2F /* Classes.swift */ = {isa = PBXFileReference; lastKnownFileType = sourcecode.swift; path = Classes.swift; sourceTree = "<group>"; };
		84189A7A2539AECA00211A2F /* Battles.swift */ = {isa = PBXFileReference; lastKnownFileType = sourcecode.swift; path = Battles.swift; sourceTree = "<group>"; };
		8430825425406ABD00220152 /* BattleContainer.xib */ = {isa = PBXFileReference; lastKnownFileType = file.xib; path = BattleContainer.xib; sourceTree = "<group>"; };
		8430825625406F4500220152 /* BattleView.swift */ = {isa = PBXFileReference; lastKnownFileType = sourcecode.swift; path = BattleView.swift; sourceTree = "<group>"; };
		844D99E82542D8CF00F28A39 /* OutcomesStoryboard.storyboard */ = {isa = PBXFileReference; lastKnownFileType = file.storyboard; path = OutcomesStoryboard.storyboard; sourceTree = "<group>"; };
		844D99F02542D9A000F28A39 /* Outcomes.swift */ = {isa = PBXFileReference; lastKnownFileType = sourcecode.swift; path = Outcomes.swift; sourceTree = "<group>"; };
		844D99F42542DC3700F28A39 /* OutcomesCollectionViewController.swift */ = {isa = PBXFileReference; lastKnownFileType = sourcecode.swift; path = OutcomesCollectionViewController.swift; sourceTree = "<group>"; };
		844D99F82542DC6B00F28A39 /* OutcomeContainer.xib */ = {isa = PBXFileReference; lastKnownFileType = file.xib; path = OutcomeContainer.xib; sourceTree = "<group>"; };
		844D99FC2542DC7D00F28A39 /* OutcomeView.swift */ = {isa = PBXFileReference; lastKnownFileType = sourcecode.swift; path = OutcomeView.swift; sourceTree = "<group>"; };
		844D9A002542E53600F28A39 /* OutcomeCollectionViewCell.swift */ = {isa = PBXFileReference; lastKnownFileType = sourcecode.swift; path = OutcomeCollectionViewCell.swift; sourceTree = "<group>"; };
		8455AB442547419B00499D82 /* ShipContainer.xib */ = {isa = PBXFileReference; lastKnownFileType = file.xib; path = ShipContainer.xib; sourceTree = "<group>"; };
		845F471E2548A720009D636A /* Ships.db */ = {isa = PBXFileReference; lastKnownFileType = file; path = Ships.db; sourceTree = "<group>"; };
		846724012537129D00295A20 /* Ship.swift */ = {isa = PBXFileReference; lastKnownFileType = sourcecode.swift; path = Ship.swift; sourceTree = "<group>"; };
		847456922545FC6300A97C04 /* OutcomeMusicViewController.swift */ = {isa = PBXFileReference; lastKnownFileType = sourcecode.swift; path = OutcomeMusicViewController.swift; sourceTree = "<group>"; };
		84B96A23252DFA8A0013A924 /* Ships.app */ = {isa = PBXFileReference; explicitFileType = wrapper.application; includeInIndex = 0; path = Ships.app; sourceTree = BUILT_PRODUCTS_DIR; };
		84B96A26252DFA8A0013A924 /* AppDelegate.swift */ = {isa = PBXFileReference; lastKnownFileType = sourcecode.swift; path = AppDelegate.swift; sourceTree = "<group>"; };
		84B96A28252DFA8A0013A924 /* SceneDelegate.swift */ = {isa = PBXFileReference; lastKnownFileType = sourcecode.swift; path = SceneDelegate.swift; sourceTree = "<group>"; };
		84B96A2A252DFA8A0013A924 /* ViewController.swift */ = {isa = PBXFileReference; lastKnownFileType = sourcecode.swift; path = ViewController.swift; sourceTree = "<group>"; };
		84B96A2D252DFA8A0013A924 /* Base */ = {isa = PBXFileReference; lastKnownFileType = file.storyboard; name = Base; path = Base.lproj/Main.storyboard; sourceTree = "<group>"; };
		84B96A2F252DFA8E0013A924 /* Assets.xcassets */ = {isa = PBXFileReference; lastKnownFileType = folder.assetcatalog; path = Assets.xcassets; sourceTree = "<group>"; };
		84B96A32252DFA8E0013A924 /* Base */ = {isa = PBXFileReference; lastKnownFileType = file.storyboard; name = Base; path = Base.lproj/LaunchScreen.storyboard; sourceTree = "<group>"; };
		84B96A34252DFA8E0013A924 /* Info.plist */ = {isa = PBXFileReference; lastKnownFileType = text.plist.xml; path = Info.plist; sourceTree = "<group>"; };
		84B96A39252DFA8F0013A924 /* ShipsTests.xctest */ = {isa = PBXFileReference; explicitFileType = wrapper.cfbundle; includeInIndex = 0; path = ShipsTests.xctest; sourceTree = BUILT_PRODUCTS_DIR; };
		84B96A4E252DFC2F0013A924 /* DB.swift */ = {isa = PBXFileReference; lastKnownFileType = sourcecode.swift; path = DB.swift; sourceTree = "<group>"; };
		84FF08262537358E0025C473 /* ShipView.swift */ = {isa = PBXFileReference; lastKnownFileType = sourcecode.swift; path = ShipView.swift; sourceTree = "<group>"; };
		84FF7E0A254194DA0007DEE0 /* BattleCollectionViewCell.swift */ = {isa = PBXFileReference; lastKnownFileType = sourcecode.swift; path = BattleCollectionViewCell.swift; sourceTree = "<group>"; };
		84FF7E0E254194F20007DEE0 /* BattleCollectionViewController.swift */ = {isa = PBXFileReference; lastKnownFileType = sourcecode.swift; path = BattleCollectionViewController.swift; sourceTree = "<group>"; };
		84FF7E1A2541BC8E0007DEE0 /* BattleStoryboard.storyboard */ = {isa = PBXFileReference; lastKnownFileType = file.storyboard; path = BattleStoryboard.storyboard; sourceTree = "<group>"; };
		84FF7E232541D2A10007DEE0 /* BattleVideoViewController.swift */ = {isa = PBXFileReference; lastKnownFileType = sourcecode.swift; path = BattleVideoViewController.swift; sourceTree = "<group>"; };
/* End PBXFileReference section */

/* Begin PBXFrameworksBuildPhase section */
		84B96A20252DFA890013A924 /* Frameworks */ = {
			isa = PBXFrameworksBuildPhase;
			buildActionMask = 2147483647;
			files = (
			);
			runOnlyForDeploymentPostprocessing = 0;
		};
		84B96A36252DFA8F0013A924 /* Frameworks */ = {
			isa = PBXFrameworksBuildPhase;
			buildActionMask = 2147483647;
			files = (
			);
			runOnlyForDeploymentPostprocessing = 0;
		};
/* End PBXFrameworksBuildPhase section */

/* Begin PBXGroup section */
		84308250254068A800220152 /* Battle */ = {
			isa = PBXGroup;
			children = (
				84308253254068D600220152 /* Controller */,
				84308252254068D100220152 /* View */,
				84308251254068C700220152 /* Model */,
			);
			path = Battle;
			sourceTree = "<group>";
		};
		84308251254068C700220152 /* Model */ = {
			isa = PBXGroup;
			children = (
				84189A7A2539AECA00211A2F /* Battles.swift */,
			);
			path = Model;
			sourceTree = "<group>";
		};
		84308252254068D100220152 /* View */ = {
			isa = PBXGroup;
			children = (
				8430825625406F4500220152 /* BattleView.swift */,
				84FF7E0A254194DA0007DEE0 /* BattleCollectionViewCell.swift */,
				8430825425406ABD00220152 /* BattleContainer.xib */,
			);
			path = View;
			sourceTree = "<group>";
		};
		84308253254068D600220152 /* Controller */ = {
			isa = PBXGroup;
			children = (
				84FF7E1A2541BC8E0007DEE0 /* BattleStoryboard.storyboard */,
				84FF7E232541D2A10007DEE0 /* BattleVideoViewController.swift */,
				84FF7E0E254194F20007DEE0 /* BattleCollectionViewController.swift */,
			);
			path = Controller;
			sourceTree = "<group>";
		};
		844D99EC2542D8E600F28A39 /* Outcomess */ = {
			isa = PBXGroup;
			children = (
				844D99EF2542D98300F28A39 /* Controller */,
				844D99EE2542D97E00F28A39 /* View */,
				844D99ED2542D97400F28A39 /* Model */,
			);
			path = Outcomess;
			sourceTree = "<group>";
		};
		844D99ED2542D97400F28A39 /* Model */ = {
			isa = PBXGroup;
			children = (
				844D99F02542D9A000F28A39 /* Outcomes.swift */,
			);
			path = Model;
			sourceTree = "<group>";
		};
		844D99EE2542D97E00F28A39 /* View */ = {
			isa = PBXGroup;
			children = (
				844D99F82542DC6B00F28A39 /* OutcomeContainer.xib */,
				844D99FC2542DC7D00F28A39 /* OutcomeView.swift */,
				844D9A002542E53600F28A39 /* OutcomeCollectionViewCell.swift */,
			);
			path = View;
			sourceTree = "<group>";
		};
		844D99EF2542D98300F28A39 /* Controller */ = {
			isa = PBXGroup;
			children = (
				844D99E82542D8CF00F28A39 /* OutcomesStoryboard.storyboard */,
				847456922545FC6300A97C04 /* OutcomeMusicViewController.swift */,
				844D99F42542DC3700F28A39 /* OutcomesCollectionViewController.swift */,
			);
			path = Controller;
			sourceTree = "<group>";
		};
		845F471D2548A704009D636A /* StorageStack */ = {
			isa = PBXGroup;
			children = (
				845F471E2548A720009D636A /* Ships.db */,
			);
			path = StorageStack;
			sourceTree = "<group>";
		};
		846723FF2537126300295A20 /* Ships */ = {
			isa = PBXGroup;
			children = (
				84FF0828253735920025C473 /* View */,
				8467240725372A9B00295A20 /* Controller */,
				846724002537127700295A20 /* Model */,
			);
			path = Ships;
			sourceTree = "<group>";
		};
		846724002537127700295A20 /* Model */ = {
			isa = PBXGroup;
			children = (
				846724012537129D00295A20 /* Ship.swift */,
				84189A782539AEB800211A2F /* Classes.swift */,
			);
			path = Model;
			sourceTree = "<group>";
		};
		8467240725372A9B00295A20 /* Controller */ = {
			isa = PBXGroup;
			children = (
				840D530625372FE4008FBD53 /* ShipsCollectionViewController.swift */,
				840D530825373023008FBD53 /* ShipsStoryboard.storyboard */,
			);
			path = Controller;
			sourceTree = "<group>";
		};
		84B96A1A252DFA890013A924 = {
			isa = PBXGroup;
			children = (
				84B96A25252DFA8A0013A924 /* Ships */,
				84B96A24252DFA8A0013A924 /* Products */,
			);
			sourceTree = "<group>";
		};
		84B96A24252DFA8A0013A924 /* Products */ = {
			isa = PBXGroup;
			children = (
				84B96A23252DFA8A0013A924 /* Ships.app */,
				84B96A39252DFA8F0013A924 /* ShipsTests.xctest */,
			);
			name = Products;
			sourceTree = "<group>";
		};
		84B96A25252DFA8A0013A924 /* Ships */ = {
			isa = PBXGroup;
			children = (
				844D99EC2542D8E600F28A39 /* Outcomess */,
				84308250254068A800220152 /* Battle */,
				846723FF2537126300295A20 /* Ships */,
				84B96A26252DFA8A0013A924 /* AppDelegate.swift */,
				84B96A28252DFA8A0013A924 /* SceneDelegate.swift */,
				84B96A48252DFAEA0013A924 /* StorageFlow */,
				84B96A2A252DFA8A0013A924 /* ViewController.swift */,
				84B96A2C252DFA8A0013A924 /* Main.storyboard */,
				84B96A2F252DFA8E0013A924 /* Assets.xcassets */,
				84B96A31252DFA8E0013A924 /* LaunchScreen.storyboard */,
				84B96A34252DFA8E0013A924 /* Info.plist */,
			);
			path = Ships;
			sourceTree = "<group>";
		};
		84B96A48252DFAEA0013A924 /* StorageFlow */ = {
			isa = PBXGroup;
			children = (
				84B96A49252DFB100013A924 /* DataBaseFlow */,
			);
			path = StorageFlow;
			sourceTree = "<group>";
		};
		84B96A49252DFB100013A924 /* DataBaseFlow */ = {
			isa = PBXGroup;
			children = (
				845F471D2548A704009D636A /* StorageStack */,
				84B96A4D252DFC180013A924 /* Model */,
			);
			path = DataBaseFlow;
			sourceTree = "<group>";
		};
		84B96A4D252DFC180013A924 /* Model */ = {
			isa = PBXGroup;
			children = (
				84B96A4E252DFC2F0013A924 /* DB.swift */,
			);
			path = Model;
			sourceTree = "<group>";
		};
		84FF0828253735920025C473 /* View */ = {
			isa = PBXGroup;
			children = (
				84FF08262537358E0025C473 /* ShipView.swift */,
				8455AB442547419B00499D82 /* ShipContainer.xib */,
				84189A76253997D000211A2F /* CollectionViewCell.swift */,
			);
			path = View;
			sourceTree = "<group>";
		};
/* End PBXGroup section */

/* Begin PBXNativeTarget section */
		84B96A22252DFA890013A924 /* Ships */ = {
			isa = PBXNativeTarget;
			buildConfigurationList = 84B96A42252DFA8F0013A924 /* Build configuration list for PBXNativeTarget "Ships" */;
			buildPhases = (
				84B96A1F252DFA890013A924 /* Sources */,
				84B96A20252DFA890013A924 /* Frameworks */,
				84B96A21252DFA890013A924 /* Resources */,
			);
			buildRules = (
			);
			dependencies = (
			);
			name = Ships;
			productName = Ships;
			productReference = 84B96A23252DFA8A0013A924 /* Ships.app */;
			productType = "com.apple.product-type.application";
		};
		84B96A38252DFA8F0013A924 /* ShipsTests */ = {
			isa = PBXNativeTarget;
			buildConfigurationList = 84B96A45252DFA8F0013A924 /* Build configuration list for PBXNativeTarget "ShipsTests" */;
			buildPhases = (
				84B96A35252DFA8F0013A924 /* Sources */,
				84B96A36252DFA8F0013A924 /* Frameworks */,
				84B96A37252DFA8F0013A924 /* Resources */,
			);
			buildRules = (
			);
			dependencies = (
				84B96A3B252DFA8F0013A924 /* PBXTargetDependency */,
			);
			name = ShipsTests;
			productName = ShipsTests;
			productReference = 84B96A39252DFA8F0013A924 /* ShipsTests.xctest */;
			productType = "com.apple.product-type.bundle.unit-test";
		};
/* End PBXNativeTarget section */

/* Begin PBXProject section */
		84B96A1B252DFA890013A924 /* Project object */ = {
			isa = PBXProject;
			attributes = {
				LastSwiftUpdateCheck = 1170;
				LastUpgradeCheck = 1170;
				ORGANIZATIONNAME = Admin;
				TargetAttributes = {
					84B96A22252DFA890013A924 = {
						CreatedOnToolsVersion = 11.7;
					};
					84B96A38252DFA8F0013A924 = {
						CreatedOnToolsVersion = 11.7;
						TestTargetID = 84B96A22252DFA890013A924;
					};
				};
			};
			buildConfigurationList = 84B96A1E252DFA890013A924 /* Build configuration list for PBXProject "Ships" */;
			compatibilityVersion = "Xcode 9.3";
			developmentRegion = en;
			hasScannedForEncodings = 0;
			knownRegions = (
				en,
				Base,
			);
			mainGroup = 84B96A1A252DFA890013A924;
			productRefGroup = 84B96A24252DFA8A0013A924 /* Products */;
			projectDirPath = "";
			projectRoot = "";
			targets = (
				84B96A22252DFA890013A924 /* Ships */,
				84B96A38252DFA8F0013A924 /* ShipsTests */,
			);
		};
/* End PBXProject section */

/* Begin PBXResourcesBuildPhase section */
		84B96A21252DFA890013A924 /* Resources */ = {
			isa = PBXResourcesBuildPhase;
			buildActionMask = 2147483647;
			files = (
				84FF7E1B2541BC8E0007DEE0 /* BattleStoryboard.storyboard in Resources */,
				84B96A33252DFA8E0013A924 /* LaunchScreen.storyboard in Resources */,
				84B96A30252DFA8E0013A924 /* Assets.xcassets in Resources */,
				845F471F2548A720009D636A /* Ships.db in Resources */,
				84B96A2E252DFA8A0013A924 /* Main.storyboard in Resources */,
				844D99E92542D8CF00F28A39 /* OutcomesStoryboard.storyboard in Resources */,
				844D99F92542DC6B00F28A39 /* OutcomeContainer.xib in Resources */,
				8455AB452547419B00499D82 /* ShipContainer.xib in Resources */,
				840D530925373023008FBD53 /* ShipsStoryboard.storyboard in Resources */,
				8430825525406ABD00220152 /* BattleContainer.xib in Resources */,
			);
			runOnlyForDeploymentPostprocessing = 0;
		};
		84B96A37252DFA8F0013A924 /* Resources */ = {
			isa = PBXResourcesBuildPhase;
			buildActionMask = 2147483647;
			files = (
			);
			runOnlyForDeploymentPostprocessing = 0;
		};
/* End PBXResourcesBuildPhase section */

/* Begin PBXSourcesBuildPhase section */
		84B96A1F252DFA890013A924 /* Sources */ = {
			isa = PBXSourcesBuildPhase;
			buildActionMask = 2147483647;
			files = (
				84FF7E0F254194F20007DEE0 /* BattleCollectionViewController.swift in Sources */,
				844D9A012542E53600F28A39 /* OutcomeCollectionViewCell.swift in Sources */,
				84B96A2B252DFA8A0013A924 /* ViewController.swift in Sources */,
				84189A7B2539AECA00211A2F /* Battles.swift in Sources */,
				84FF08272537358E0025C473 /* ShipView.swift in Sources */,
				84FF7E0B254194DA0007DEE0 /* BattleCollectionViewCell.swift in Sources */,
				844D99F12542D9A000F28A39 /* Outcomes.swift in Sources */,
				84189A77253997D000211A2F /* CollectionViewCell.swift in Sources */,
				84B96A4F252DFC2F0013A924 /* DB.swift in Sources */,
				84B96A27252DFA8A0013A924 /* AppDelegate.swift in Sources */,
				84FF7E242541D2A10007DEE0 /* BattleVideoViewController.swift in Sources */,
				84B96A29252DFA8A0013A924 /* SceneDelegate.swift in Sources */,
				844D99F52542DC3700F28A39 /* OutcomesCollectionViewController.swift in Sources */,
				840D530725372FE4008FBD53 /* ShipsCollectionViewController.swift in Sources */,
				84E1D3E12548990B00FF9AE4 /* OutcomeMusicViewController.swift in Sources */,
				844D99FD2542DC7D00F28A39 /* OutcomeView.swift in Sources */,
				846724022537129D00295A20 /* Ship.swift in Sources */,
				8430825725406F4500220152 /* BattleView.swift in Sources */,
				84189A792539AEB800211A2F /* Classes.swift in Sources */,
			);
			runOnlyForDeploymentPostprocessing = 0;
		};
		84B96A35252DFA8F0013A924 /* Sources */ = {
			isa = PBXSourcesBuildPhase;
			buildActionMask = 2147483647;
			files = (
			);
			runOnlyForDeploymentPostprocessing = 0;
		};
/* End PBXSourcesBuildPhase section */

/* Begin PBXTargetDependency section */
		84B96A3B252DFA8F0013A924 /* PBXTargetDependency */ = {
			isa = PBXTargetDependency;
			target = 84B96A22252DFA890013A924 /* Ships */;
			targetProxy = 84B96A3A252DFA8F0013A924 /* PBXContainerItemProxy */;
		};
/* End PBXTargetDependency section */

/* Begin PBXVariantGroup section */
		84B96A2C252DFA8A0013A924 /* Main.storyboard */ = {
			isa = PBXVariantGroup;
			children = (
				84B96A2D252DFA8A0013A924 /* Base */,
			);
			name = Main.storyboard;
			sourceTree = "<group>";
		};
		84B96A31252DFA8E0013A924 /* LaunchScreen.storyboard */ = {
			isa = PBXVariantGroup;
			children = (
				84B96A32252DFA8E0013A924 /* Base */,
			);
			name = LaunchScreen.storyboard;
			sourceTree = "<group>";
		};
/* End PBXVariantGroup section */

/* Begin XCBuildConfiguration section */
		84B96A40252DFA8F0013A924 /* Debug */ = {
			isa = XCBuildConfiguration;
			buildSettings = {
				ALWAYS_SEARCH_USER_PATHS = NO;
				CLANG_ANALYZER_NONNULL = YES;
				CLANG_ANALYZER_NUMBER_OBJECT_CONVERSION = YES_AGGRESSIVE;
				CLANG_CXX_LANGUAGE_STANDARD = "gnu++14";
				CLANG_CXX_LIBRARY = "libc++";
				CLANG_ENABLE_MODULES = YES;
				CLANG_ENABLE_OBJC_ARC = YES;
				CLANG_ENABLE_OBJC_WEAK = YES;
				CLANG_WARN_BLOCK_CAPTURE_AUTORELEASING = YES;
				CLANG_WARN_BOOL_CONVERSION = YES;
				CLANG_WARN_COMMA = YES;
				CLANG_WARN_CONSTANT_CONVERSION = YES;
				CLANG_WARN_DEPRECATED_OBJC_IMPLEMENTATIONS = YES;
				CLANG_WARN_DIRECT_OBJC_ISA_USAGE = YES_ERROR;
				CLANG_WARN_DOCUMENTATION_COMMENTS = YES;
				CLANG_WARN_EMPTY_BODY = YES;
				CLANG_WARN_ENUM_CONVERSION = YES;
				CLANG_WARN_INFINITE_RECURSION = YES;
				CLANG_WARN_INT_CONVERSION = YES;
				CLANG_WARN_NON_LITERAL_NULL_CONVERSION = YES;
				CLANG_WARN_OBJC_IMPLICIT_RETAIN_SELF = YES;
				CLANG_WARN_OBJC_LITERAL_CONVERSION = YES;
				CLANG_WARN_OBJC_ROOT_CLASS = YES_ERROR;
				CLANG_WARN_RANGE_LOOP_ANALYSIS = YES;
				CLANG_WARN_STRICT_PROTOTYPES = YES;
				CLANG_WARN_SUSPICIOUS_MOVE = YES;
				CLANG_WARN_UNGUARDED_AVAILABILITY = YES_AGGRESSIVE;
				CLANG_WARN_UNREACHABLE_CODE = YES;
				CLANG_WARN__DUPLICATE_METHOD_MATCH = YES;
				COPY_PHASE_STRIP = NO;
				DEBUG_INFORMATION_FORMAT = dwarf;
				ENABLE_STRICT_OBJC_MSGSEND = YES;
				ENABLE_TESTABILITY = YES;
				GCC_C_LANGUAGE_STANDARD = gnu11;
				GCC_DYNAMIC_NO_PIC = NO;
				GCC_NO_COMMON_BLOCKS = YES;
				GCC_OPTIMIZATION_LEVEL = 0;
				GCC_PREPROCESSOR_DEFINITIONS = (
					"DEBUG=1",
					"$(inherited)",
				);
				GCC_WARN_64_TO_32_BIT_CONVERSION = YES;
				GCC_WARN_ABOUT_RETURN_TYPE = YES_ERROR;
				GCC_WARN_UNDECLARED_SELECTOR = YES;
				GCC_WARN_UNINITIALIZED_AUTOS = YES_AGGRESSIVE;
				GCC_WARN_UNUSED_FUNCTION = YES;
				GCC_WARN_UNUSED_VARIABLE = YES;
				IPHONEOS_DEPLOYMENT_TARGET = 13.7;
				MTL_ENABLE_DEBUG_INFO = INCLUDE_SOURCE;
				MTL_FAST_MATH = YES;
				ONLY_ACTIVE_ARCH = YES;
				SDKROOT = iphoneos;
				SWIFT_ACTIVE_COMPILATION_CONDITIONS = DEBUG;
				SWIFT_OPTIMIZATION_LEVEL = "-Onone";
			};
			name = Debug;
		};
		84B96A41252DFA8F0013A924 /* Release */ = {
			isa = XCBuildConfiguration;
			buildSettings = {
				ALWAYS_SEARCH_USER_PATHS = NO;
				CLANG_ANALYZER_NONNULL = YES;
				CLANG_ANALYZER_NUMBER_OBJECT_CONVERSION = YES_AGGRESSIVE;
				CLANG_CXX_LANGUAGE_STANDARD = "gnu++14";
				CLANG_CXX_LIBRARY = "libc++";
				CLANG_ENABLE_MODULES = YES;
				CLANG_ENABLE_OBJC_ARC = YES;
				CLANG_ENABLE_OBJC_WEAK = YES;
				CLANG_WARN_BLOCK_CAPTURE_AUTORELEASING = YES;
				CLANG_WARN_BOOL_CONVERSION = YES;
				CLANG_WARN_COMMA = YES;
				CLANG_WARN_CONSTANT_CONVERSION = YES;
				CLANG_WARN_DEPRECATED_OBJC_IMPLEMENTATIONS = YES;
				CLANG_WARN_DIRECT_OBJC_ISA_USAGE = YES_ERROR;
				CLANG_WARN_DOCUMENTATION_COMMENTS = YES;
				CLANG_WARN_EMPTY_BODY = YES;
				CLANG_WARN_ENUM_CONVERSION = YES;
				CLANG_WARN_INFINITE_RECURSION = YES;
				CLANG_WARN_INT_CONVERSION = YES;
				CLANG_WARN_NON_LITERAL_NULL_CONVERSION = YES;
				CLANG_WARN_OBJC_IMPLICIT_RETAIN_SELF = YES;
				CLANG_WARN_OBJC_LITERAL_CONVERSION = YES;
				CLANG_WARN_OBJC_ROOT_CLASS = YES_ERROR;
				CLANG_WARN_RANGE_LOOP_ANALYSIS = YES;
				CLANG_WARN_STRICT_PROTOTYPES = YES;
				CLANG_WARN_SUSPICIOUS_MOVE = YES;
				CLANG_WARN_UNGUARDED_AVAILABILITY = YES_AGGRESSIVE;
				CLANG_WARN_UNREACHABLE_CODE = YES;
				CLANG_WARN__DUPLICATE_METHOD_MATCH = YES;
				COPY_PHASE_STRIP = NO;
				DEBUG_INFORMATION_FORMAT = "dwarf-with-dsym";
				ENABLE_NS_ASSERTIONS = NO;
				ENABLE_STRICT_OBJC_MSGSEND = YES;
				GCC_C_LANGUAGE_STANDARD = gnu11;
				GCC_NO_COMMON_BLOCKS = YES;
				GCC_WARN_64_TO_32_BIT_CONVERSION = YES;
				GCC_WARN_ABOUT_RETURN_TYPE = YES_ERROR;
				GCC_WARN_UNDECLARED_SELECTOR = YES;
				GCC_WARN_UNINITIALIZED_AUTOS = YES_AGGRESSIVE;
				GCC_WARN_UNUSED_FUNCTION = YES;
				GCC_WARN_UNUSED_VARIABLE = YES;
				IPHONEOS_DEPLOYMENT_TARGET = 13.7;
				MTL_ENABLE_DEBUG_INFO = NO;
				MTL_FAST_MATH = YES;
				SDKROOT = iphoneos;
				SWIFT_COMPILATION_MODE = wholemodule;
				SWIFT_OPTIMIZATION_LEVEL = "-O";
				VALIDATE_PRODUCT = YES;
			};
			name = Release;
		};
		84B96A43252DFA8F0013A924 /* Debug */ = {
			isa = XCBuildConfiguration;
			buildSettings = {
				ASSETCATALOG_COMPILER_APPICON_NAME = AppIcon;
				CODE_SIGN_STYLE = Automatic;
				DEVELOPMENT_TEAM = L9C33X24K8;
				INFOPLIST_FILE = Ships/Info.plist;
				LD_RUNPATH_SEARCH_PATHS = (
					"$(inherited)",
					"@executable_path/Frameworks",
				);
				PRODUCT_BUNDLE_IDENTIFIER = "-.Ships";
				PRODUCT_NAME = "$(TARGET_NAME)";
				SWIFT_VERSION = 5.0;
				TARGETED_DEVICE_FAMILY = "1,2";
			};
			name = Debug;
		};
		84B96A44252DFA8F0013A924 /* Release */ = {
			isa = XCBuildConfiguration;
			buildSettings = {
				ASSETCATALOG_COMPILER_APPICON_NAME = AppIcon;
				CODE_SIGN_STYLE = Automatic;
				DEVELOPMENT_TEAM = L9C33X24K8;
				INFOPLIST_FILE = Ships/Info.plist;
				LD_RUNPATH_SEARCH_PATHS = (
					"$(inherited)",
					"@executable_path/Frameworks",
				);
				PRODUCT_BUNDLE_IDENTIFIER = "-.Ships";
				PRODUCT_NAME = "$(TARGET_NAME)";
				SWIFT_VERSION = 5.0;
				TARGETED_DEVICE_FAMILY = "1,2";
			};
			name = Release;
		};
		84B96A46252DFA8F0013A924 /* Debug */ = {
			isa = XCBuildConfiguration;
			buildSettings = {
				ALWAYS_EMBED_SWIFT_STANDARD_LIBRARIES = YES;
				BUNDLE_LOADER = "$(TEST_HOST)";
				CODE_SIGN_STYLE = Automatic;
				DEVELOPMENT_TEAM = L9C33X24K8;
				INFOPLIST_FILE = ShipsTests/Info.plist;
				IPHONEOS_DEPLOYMENT_TARGET = 13.7;
				LD_RUNPATH_SEARCH_PATHS = (
					"$(inherited)",
					"@executable_path/Frameworks",
					"@loader_path/Frameworks",
				);
				PRODUCT_BUNDLE_IDENTIFIER = "-.ShipsTests";
				PRODUCT_NAME = "$(TARGET_NAME)";
				SWIFT_VERSION = 5.0;
				TARGETED_DEVICE_FAMILY = "1,2";
				TEST_HOST = "$(BUILT_PRODUCTS_DIR)/Ships.app/Ships";
			};
			name = Debug;
		};
		84B96A47252DFA8F0013A924 /* Release */ = {
			isa = XCBuildConfiguration;
			buildSettings = {
				ALWAYS_EMBED_SWIFT_STANDARD_LIBRARIES = YES;
				BUNDLE_LOADER = "$(TEST_HOST)";
				CODE_SIGN_STYLE = Automatic;
				DEVELOPMENT_TEAM = L9C33X24K8;
				INFOPLIST_FILE = ShipsTests/Info.plist;
				IPHONEOS_DEPLOYMENT_TARGET = 13.7;
				LD_RUNPATH_SEARCH_PATHS = (
					"$(inherited)",
					"@executable_path/Frameworks",
					"@loader_path/Frameworks",
				);
				PRODUCT_BUNDLE_IDENTIFIER = "-.ShipsTests";
				PRODUCT_NAME = "$(TARGET_NAME)";
				SWIFT_VERSION = 5.0;
				TARGETED_DEVICE_FAMILY = "1,2";
				TEST_HOST = "$(BUILT_PRODUCTS_DIR)/Ships.app/Ships";
			};
			name = Release;
		};
/* End XCBuildConfiguration section */

/* Begin XCConfigurationList section */
		84B96A1E252DFA890013A924 /* Build configuration list for PBXProject "Ships" */ = {
			isa = XCConfigurationList;
			buildConfigurations = (
				84B96A40252DFA8F0013A924 /* Debug */,
				84B96A41252DFA8F0013A924 /* Release */,
			);
			defaultConfigurationIsVisible = 0;
			defaultConfigurationName = Release;
		};
		84B96A42252DFA8F0013A924 /* Build configuration list for PBXNativeTarget "Ships" */ = {
			isa = XCConfigurationList;
			buildConfigurations = (
				84B96A43252DFA8F0013A924 /* Debug */,
				84B96A44252DFA8F0013A924 /* Release */,
			);
			defaultConfigurationIsVisible = 0;
			defaultConfigurationName = Release;
		};
		84B96A45252DFA8F0013A924 /* Build configuration list for PBXNativeTarget "ShipsTests" */ = {
			isa = XCConfigurationList;
			buildConfigurations = (
				84B96A46252DFA8F0013A924 /* Debug */,
				84B96A47252DFA8F0013A924 /* Release */,
			);
			defaultConfigurationIsVisible = 0;
			defaultConfigurationName = Release;
		};
/* End XCConfigurationList section */
	};
	rootObject = 84B96A1B252DFA890013A924 /* Project object */;
}
